// !$*UTF8*$!
{
	archiveVersion = 1;
	classes = {
	};
	objectVersion = 55;
	objects = {

/* Begin PBXBuildFile section */
		926574A527269F5D00E4BB69 /* AppDelegate.swift in Sources */ = {isa = PBXBuildFile; fileRef = 926574A427269F5D00E4BB69 /* AppDelegate.swift */; };
		926574AE27269F5E00E4BB69 /* Assets.xcassets in Resources */ = {isa = PBXBuildFile; fileRef = 926574AD27269F5E00E4BB69 /* Assets.xcassets */; };
		926574B127269F5E00E4BB69 /* LaunchScreen.storyboard in Resources */ = {isa = PBXBuildFile; fileRef = 926574AF27269F5E00E4BB69 /* LaunchScreen.storyboard */; };
		926574D42726F3EA00E4BB69 /* Cooridinator.swift in Sources */ = {isa = PBXBuildFile; fileRef = 926574D32726F3EA00E4BB69 /* Cooridinator.swift */; };
		926574D62726F4BF00E4BB69 /* AppCooridinator.swift in Sources */ = {isa = PBXBuildFile; fileRef = 926574D52726F4BF00E4BB69 /* AppCooridinator.swift */; };
		926574D82726F59700E4BB69 /* StartCoordinator.swift in Sources */ = {isa = PBXBuildFile; fileRef = 926574D72726F59700E4BB69 /* StartCoordinator.swift */; };
		926574DA2726F5BD00E4BB69 /* StartViewController.swift in Sources */ = {isa = PBXBuildFile; fileRef = 926574D92726F5BD00E4BB69 /* StartViewController.swift */; };
		926574DC2726F61900E4BB69 /* TabBarCoordinator.swift in Sources */ = {isa = PBXBuildFile; fileRef = 926574DB2726F61900E4BB69 /* TabBarCoordinator.swift */; };
		926574DE2726F65900E4BB69 /* TabBarController.swift in Sources */ = {isa = PBXBuildFile; fileRef = 926574DD2726F65900E4BB69 /* TabBarController.swift */; };
		926574E02726F6AD00E4BB69 /* TopRatedCooridinator.swift in Sources */ = {isa = PBXBuildFile; fileRef = 926574DF2726F6AD00E4BB69 /* TopRatedCooridinator.swift */; };
		926574E22726F6D100E4BB69 /* TapRatedViewController.swift in Sources */ = {isa = PBXBuildFile; fileRef = 926574E12726F6D100E4BB69 /* TapRatedViewController.swift */; };
		926574E42726F70F00E4BB69 /* TopRatedDetailCooridinator.swift in Sources */ = {isa = PBXBuildFile; fileRef = 926574E32726F70F00E4BB69 /* TopRatedDetailCooridinator.swift */; };
		926574E62726F71F00E4BB69 /* TopRatedViewController.swift in Sources */ = {isa = PBXBuildFile; fileRef = 926574E52726F71F00E4BB69 /* TopRatedViewController.swift */; };
		926574E92726FD7C00E4BB69 /* HistoryCooridinator.swift in Sources */ = {isa = PBXBuildFile; fileRef = 926574E82726FD7C00E4BB69 /* HistoryCooridinator.swift */; };
		926574EB2726FDA700E4BB69 /* HistoryViewController.swift in Sources */ = {isa = PBXBuildFile; fileRef = 926574EA2726FDA700E4BB69 /* HistoryViewController.swift */; };
		926574ED2726FE2000E4BB69 /* HistoryItem.swift in Sources */ = {isa = PBXBuildFile; fileRef = 926574EC2726FE2000E4BB69 /* HistoryItem.swift */; };
		926574EF2726FE4000E4BB69 /* HistoryDetailViewController.swift in Sources */ = {isa = PBXBuildFile; fileRef = 926574EE2726FE4000E4BB69 /* HistoryDetailViewController.swift */; };
		926574F12726FF6F00E4BB69 /* HistoryDetailCoordinator.swift in Sources */ = {isa = PBXBuildFile; fileRef = 926574F02726FF6F00E4BB69 /* HistoryDetailCoordinator.swift */; };
/* End PBXBuildFile section */

/* Begin PBXFileReference section */
		926574A127269F5D00E4BB69 /* CoordinatorPattern.app */ = {isa = PBXFileReference; explicitFileType = wrapper.application; includeInIndex = 0; path = CoordinatorPattern.app; sourceTree = BUILT_PRODUCTS_DIR; };
		926574A427269F5D00E4BB69 /* AppDelegate.swift */ = {isa = PBXFileReference; lastKnownFileType = sourcecode.swift; path = AppDelegate.swift; sourceTree = "<group>"; };
		926574AD27269F5E00E4BB69 /* Assets.xcassets */ = {isa = PBXFileReference; lastKnownFileType = folder.assetcatalog; path = Assets.xcassets; sourceTree = "<group>"; };
		926574B027269F5E00E4BB69 /* Base */ = {isa = PBXFileReference; lastKnownFileType = file.storyboard; name = Base; path = Base.lproj/LaunchScreen.storyboard; sourceTree = "<group>"; };
		926574B227269F5E00E4BB69 /* Info.plist */ = {isa = PBXFileReference; lastKnownFileType = text.plist.xml; path = Info.plist; sourceTree = "<group>"; };
		926574D32726F3EA00E4BB69 /* Cooridinator.swift */ = {isa = PBXFileReference; lastKnownFileType = sourcecode.swift; path = Cooridinator.swift; sourceTree = "<group>"; };
		926574D52726F4BF00E4BB69 /* AppCooridinator.swift */ = {isa = PBXFileReference; lastKnownFileType = sourcecode.swift; path = AppCooridinator.swift; sourceTree = "<group>"; };
		926574D72726F59700E4BB69 /* StartCoordinator.swift */ = {isa = PBXFileReference; lastKnownFileType = sourcecode.swift; path = StartCoordinator.swift; sourceTree = "<group>"; };
		926574D92726F5BD00E4BB69 /* StartViewController.swift */ = {isa = PBXFileReference; lastKnownFileType = sourcecode.swift; path = StartViewController.swift; sourceTree = "<group>"; };
		926574DB2726F61900E4BB69 /* TabBarCoordinator.swift */ = {isa = PBXFileReference; lastKnownFileType = sourcecode.swift; path = TabBarCoordinator.swift; sourceTree = "<group>"; };
		926574DD2726F65900E4BB69 /* TabBarController.swift */ = {isa = PBXFileReference; lastKnownFileType = sourcecode.swift; path = TabBarController.swift; sourceTree = "<group>"; };
		926574DF2726F6AD00E4BB69 /* TopRatedCooridinator.swift */ = {isa = PBXFileReference; lastKnownFileType = sourcecode.swift; path = TopRatedCooridinator.swift; sourceTree = "<group>"; };
		926574E12726F6D100E4BB69 /* TapRatedViewController.swift */ = {isa = PBXFileReference; lastKnownFileType = sourcecode.swift; path = TapRatedViewController.swift; sourceTree = "<group>"; };
		926574E32726F70F00E4BB69 /* TopRatedDetailCooridinator.swift */ = {isa = PBXFileReference; lastKnownFileType = sourcecode.swift; path = TopRatedDetailCooridinator.swift; sourceTree = "<group>"; };
		926574E52726F71F00E4BB69 /* TopRatedViewController.swift */ = {isa = PBXFileReference; lastKnownFileType = sourcecode.swift; path = TopRatedViewController.swift; sourceTree = "<group>"; };
		926574E82726FD7C00E4BB69 /* HistoryCooridinator.swift */ = {isa = PBXFileReference; lastKnownFileType = sourcecode.swift; path = HistoryCooridinator.swift; sourceTree = "<group>"; };
		926574EA2726FDA700E4BB69 /* HistoryViewController.swift */ = {isa = PBXFileReference; lastKnownFileType = sourcecode.swift; path = HistoryViewController.swift; sourceTree = "<group>"; };
		926574EC2726FE2000E4BB69 /* HistoryItem.swift */ = {isa = PBXFileReference; lastKnownFileType = sourcecode.swift; path = HistoryItem.swift; sourceTree = "<group>"; };
		926574EE2726FE4000E4BB69 /* HistoryDetailViewController.swift */ = {isa = PBXFileReference; lastKnownFileType = sourcecode.swift; path = HistoryDetailViewController.swift; sourceTree = "<group>"; };
		926574F02726FF6F00E4BB69 /* HistoryDetailCoordinator.swift */ = {isa = PBXFileReference; lastKnownFileType = sourcecode.swift; path = HistoryDetailCoordinator.swift; sourceTree = "<group>"; };
/* End PBXFileReference section */

/* Begin PBXFrameworksBuildPhase section */
		9265749E27269F5D00E4BB69 /* Frameworks */ = {
			isa = PBXFrameworksBuildPhase;
			buildActionMask = 2147483647;
			files = (
			);
			runOnlyForDeploymentPostprocessing = 0;
		};
/* End PBXFrameworksBuildPhase section */

/* Begin PBXGroup section */
		9265749827269F5D00E4BB69 = {
			isa = PBXGroup;
			children = (
				926574A327269F5D00E4BB69 /* CoordinatorPattern */,
				926574A227269F5D00E4BB69 /* Products */,
			);
			sourceTree = "<group>";
		};
		926574A227269F5D00E4BB69 /* Products */ = {
			isa = PBXGroup;
			children = (
				926574A127269F5D00E4BB69 /* CoordinatorPattern.app */,
			);
			name = Products;
			sourceTree = "<group>";
		};
		926574A327269F5D00E4BB69 /* CoordinatorPattern */ = {
			isa = PBXGroup;
			children = (
				926574A427269F5D00E4BB69 /* AppDelegate.swift */,
				926574B227269F5E00E4BB69 /* Info.plist */,
				926574BE2726A14D00E4BB69 /* Resouces */,
				926574D22726F3C100E4BB69 /* History */,
				926574D12726F39500E4BB69 /* TopRated */,
				926574E72726F73A00E4BB69 /* TabBar */,
				926574D02726F35500E4BB69 /* Starter */,
			);
			path = CoordinatorPattern;
			sourceTree = "<group>";
		};
		926574BE2726A14D00E4BB69 /* Resouces */ = {
			isa = PBXGroup;
			children = (
				926574AD27269F5E00E4BB69 /* Assets.xcassets */,
				926574AF27269F5E00E4BB69 /* LaunchScreen.storyboard */,
			);
			path = Resouces;
			sourceTree = "<group>";
		};
		926574D02726F35500E4BB69 /* Starter */ = {
			isa = PBXGroup;
			children = (
				926574D32726F3EA00E4BB69 /* Cooridinator.swift */,
				926574D52726F4BF00E4BB69 /* AppCooridinator.swift */,
				926574D72726F59700E4BB69 /* StartCoordinator.swift */,
				926574D92726F5BD00E4BB69 /* StartViewController.swift */,
			);
			path = Starter;
			sourceTree = "<group>";
		};
		926574D12726F39500E4BB69 /* TopRated */ = {
			isa = PBXGroup;
			children = (
				926574DF2726F6AD00E4BB69 /* TopRatedCooridinator.swift */,
				926574E12726F6D100E4BB69 /* TapRatedViewController.swift */,
				926574E32726F70F00E4BB69 /* TopRatedDetailCooridinator.swift */,
				926574E52726F71F00E4BB69 /* TopRatedViewController.swift */,
			);
			path = TopRated;
			sourceTree = "<group>";
		};
		926574D22726F3C100E4BB69 /* History */ = {
			isa = PBXGroup;
			children = (
				926574E82726FD7C00E4BB69 /* HistoryCooridinator.swift */,
				926574EA2726FDA700E4BB69 /* HistoryViewController.swift */,
				926574EC2726FE2000E4BB69 /* HistoryItem.swift */,
				926574F02726FF6F00E4BB69 /* HistoryDetailCoordinator.swift */,
				926574EE2726FE4000E4BB69 /* HistoryDetailViewController.swift */,
			);
			path = History;
			sourceTree = "<group>";
		};
		926574E72726F73A00E4BB69 /* TabBar */ = {
			isa = PBXGroup;
			children = (
				926574DB2726F61900E4BB69 /* TabBarCoordinator.swift */,
				926574DD2726F65900E4BB69 /* TabBarController.swift */,
			);
			path = TabBar;
			sourceTree = "<group>";
		};
/* End PBXGroup section */

/* Begin PBXNativeTarget section */
		926574A027269F5D00E4BB69 /* CoordinatorPattern */ = {
			isa = PBXNativeTarget;
			buildConfigurationList = 926574B527269F5E00E4BB69 /* Build configuration list for PBXNativeTarget "CoordinatorPattern" */;
			buildPhases = (
				9265749D27269F5D00E4BB69 /* Sources */,
				9265749E27269F5D00E4BB69 /* Frameworks */,
				9265749F27269F5D00E4BB69 /* Resources */,
			);
			buildRules = (
			);
			dependencies = (
			);
			name = CoordinatorPattern;
			productName = CoordinatorPattern;
			productReference = 926574A127269F5D00E4BB69 /* CoordinatorPattern.app */;
			productType = "com.apple.product-type.application";
		};
/* End PBXNativeTarget section */

/* Begin PBXProject section */
		9265749927269F5D00E4BB69 /* Project object */ = {
			isa = PBXProject;
			attributes = {
				BuildIndependentTargetsInParallel = 1;
				LastSwiftUpdateCheck = 1300;
				LastUpgradeCheck = 1300;
				TargetAttributes = {
					926574A027269F5D00E4BB69 = {
						CreatedOnToolsVersion = 13.0;
					};
				};
			};
			buildConfigurationList = 9265749C27269F5D00E4BB69 /* Build configuration list for PBXProject "CoordinatorPattern" */;
			compatibilityVersion = "Xcode 13.0";
			developmentRegion = en;
			hasScannedForEncodings = 0;
			knownRegions = (
				en,
				Base,
			);
			mainGroup = 9265749827269F5D00E4BB69;
			productRefGroup = 926574A227269F5D00E4BB69 /* Products */;
			projectDirPath = "";
			projectRoot = "";
			targets = (
				926574A027269F5D00E4BB69 /* CoordinatorPattern */,
			);
		};
/* End PBXProject section */

/* Begin PBXResourcesBuildPhase section */
		9265749F27269F5D00E4BB69 /* Resources */ = {
			isa = PBXResourcesBuildPhase;
			buildActionMask = 2147483647;
			files = (
				926574B127269F5E00E4BB69 /* LaunchScreen.storyboard in Resources */,
				926574AE27269F5E00E4BB69 /* Assets.xcassets in Resources */,
			);
			runOnlyForDeploymentPostprocessing = 0;
		};
/* End PBXResourcesBuildPhase section */

/* Begin PBXSourcesBuildPhase section */
		9265749D27269F5D00E4BB69 /* Sources */ = {
			isa = PBXSourcesBuildPhase;
			buildActionMask = 2147483647;
			files = (
				926574A527269F5D00E4BB69 /* AppDelegate.swift in Sources */,
				926574E42726F70F00E4BB69 /* TopRatedDetailCooridinator.swift in Sources */,
				926574F12726FF6F00E4BB69 /* HistoryDetailCoordinator.swift in Sources */,
				926574DE2726F65900E4BB69 /* TabBarController.swift in Sources */,
				926574D42726F3EA00E4BB69 /* Cooridinator.swift in Sources */,
				926574EB2726FDA700E4BB69 /* HistoryViewController.swift in Sources */,
				926574EF2726FE4000E4BB69 /* HistoryDetailViewController.swift in Sources */,
				926574D82726F59700E4BB69 /* StartCoordinator.swift in Sources */,
				926574E62726F71F00E4BB69 /* TopRatedViewController.swift in Sources */,
				926574DC2726F61900E4BB69 /* TabBarCoordinator.swift in Sources */,
				926574E22726F6D100E4BB69 /* TapRatedViewController.swift in Sources */,
				926574ED2726FE2000E4BB69 /* HistoryItem.swift in Sources */,
				926574D62726F4BF00E4BB69 /* AppCooridinator.swift in Sources */,
				926574E02726F6AD00E4BB69 /* TopRatedCooridinator.swift in Sources */,
				926574DA2726F5BD00E4BB69 /* StartViewController.swift in Sources */,
				926574E92726FD7C00E4BB69 /* HistoryCooridinator.swift in Sources */,
			);
			runOnlyForDeploymentPostprocessing = 0;
		};
/* End PBXSourcesBuildPhase section */

/* Begin PBXVariantGroup section */
		926574AF27269F5E00E4BB69 /* LaunchScreen.storyboard */ = {
			isa = PBXVariantGroup;
			children = (
				926574B027269F5E00E4BB69 /* Base */,
			);
			name = LaunchScreen.storyboard;
			sourceTree = "<group>";
		};
/* End PBXVariantGroup section */

/* Begin XCBuildConfiguration section */
		926574B327269F5E00E4BB69 /* Debug */ = {
			isa = XCBuildConfiguration;
			buildSettings = {
				ALWAYS_SEARCH_USER_PATHS = NO;
				CLANG_ANALYZER_NONNULL = YES;
				CLANG_ANALYZER_NUMBER_OBJECT_CONVERSION = YES_AGGRESSIVE;
				CLANG_CXX_LANGUAGE_STANDARD = "gnu++17";
				CLANG_CXX_LIBRARY = "libc++";
				CLANG_ENABLE_MODULES = YES;
				CLANG_ENABLE_OBJC_ARC = YES;
				CLANG_ENABLE_OBJC_WEAK = YES;
				CLANG_WARN_BLOCK_CAPTURE_AUTORELEASING = YES;
				CLANG_WARN_BOOL_CONVERSION = YES;
				CLANG_WARN_COMMA = YES;
				CLANG_WARN_CONSTANT_CONVERSION = YES;
				CLANG_WARN_DEPRECATED_OBJC_IMPLEMENTATIONS = YES;
				CLANG_WARN_DIRECT_OBJC_ISA_USAGE = YES_ERROR;
				CLANG_WARN_DOCUMENTATION_COMMENTS = YES;
				CLANG_WARN_EMPTY_BODY = YES;
				CLANG_WARN_ENUM_CONVERSION = YES;
				CLANG_WARN_INFINITE_RECURSION = YES;
				CLANG_WARN_INT_CONVERSION = YES;
				CLANG_WARN_NON_LITERAL_NULL_CONVERSION = YES;
				CLANG_WARN_OBJC_IMPLICIT_RETAIN_SELF = YES;
				CLANG_WARN_OBJC_LITERAL_CONVERSION = YES;
				CLANG_WARN_OBJC_ROOT_CLASS = YES_ERROR;
				CLANG_WARN_QUOTED_INCLUDE_IN_FRAMEWORK_HEADER = YES;
				CLANG_WARN_RANGE_LOOP_ANALYSIS = YES;
				CLANG_WARN_STRICT_PROTOTYPES = YES;
				CLANG_WARN_SUSPICIOUS_MOVE = YES;
				CLANG_WARN_UNGUARDED_AVAILABILITY = YES_AGGRESSIVE;
				CLANG_WARN_UNREACHABLE_CODE = YES;
				CLANG_WARN__DUPLICATE_METHOD_MATCH = YES;
				COPY_PHASE_STRIP = NO;
				DEBUG_INFORMATION_FORMAT = dwarf;
				ENABLE_STRICT_OBJC_MSGSEND = YES;
				ENABLE_TESTABILITY = YES;
				GCC_C_LANGUAGE_STANDARD = gnu11;
				GCC_DYNAMIC_NO_PIC = NO;
				GCC_NO_COMMON_BLOCKS = YES;
				GCC_OPTIMIZATION_LEVEL = 0;
				GCC_PREPROCESSOR_DEFINITIONS = (
					"DEBUG=1",
					"$(inherited)",
				);
				GCC_WARN_64_TO_32_BIT_CONVERSION = YES;
				GCC_WARN_ABOUT_RETURN_TYPE = YES_ERROR;
				GCC_WARN_UNDECLARED_SELECTOR = YES;
				GCC_WARN_UNINITIALIZED_AUTOS = YES_AGGRESSIVE;
				GCC_WARN_UNUSED_FUNCTION = YES;
				GCC_WARN_UNUSED_VARIABLE = YES;
				IPHONEOS_DEPLOYMENT_TARGET = 15.0;
				MTL_ENABLE_DEBUG_INFO = INCLUDE_SOURCE;
				MTL_FAST_MATH = YES;
				ONLY_ACTIVE_ARCH = YES;
				SDKROOT = iphoneos;
				SWIFT_ACTIVE_COMPILATION_CONDITIONS = DEBUG;
				SWIFT_OPTIMIZATION_LEVEL = "-Onone";
			};
			name = Debug;
		};
		926574B427269F5E00E4BB69 /* Release */ = {
			isa = XCBuildConfiguration;
			buildSettings = {
				ALWAYS_SEARCH_USER_PATHS = NO;
				CLANG_ANALYZER_NONNULL = YES;
				CLANG_ANALYZER_NUMBER_OBJECT_CONVERSION = YES_AGGRESSIVE;
				CLANG_CXX_LANGUAGE_STANDARD = "gnu++17";
				CLANG_CXX_LIBRARY = "libc++";
				CLANG_ENABLE_MODULES = YES;
				CLANG_ENABLE_OBJC_ARC = YES;
				CLANG_ENABLE_OBJC_WEAK = YES;
				CLANG_WARN_BLOCK_CAPTURE_AUTORELEASING = YES;
				CLANG_WARN_BOOL_CONVERSION = YES;
				CLANG_WARN_COMMA = YES;
				CLANG_WARN_CONSTANT_CONVERSION = YES;
				CLANG_WARN_DEPRECATED_OBJC_IMPLEMENTATIONS = YES;
				CLANG_WARN_DIRECT_OBJC_ISA_USAGE = YES_ERROR;
				CLANG_WARN_DOCUMENTATION_COMMENTS = YES;
				CLANG_WARN_EMPTY_BODY = YES;
				CLANG_WARN_ENUM_CONVERSION = YES;
				CLANG_WARN_INFINITE_RECURSION = YES;
				CLANG_WARN_INT_CONVERSION = YES;
				CLANG_WARN_NON_LITERAL_NULL_CONVERSION = YES;
				CLANG_WARN_OBJC_IMPLICIT_RETAIN_SELF = YES;
				CLANG_WARN_OBJC_LITERAL_CONVERSION = YES;
				CLANG_WARN_OBJC_ROOT_CLASS = YES_ERROR;
				CLANG_WARN_QUOTED_INCLUDE_IN_FRAMEWORK_HEADER = YES;
				CLANG_WARN_RANGE_LOOP_ANALYSIS = YES;
				CLANG_WARN_STRICT_PROTOTYPES = YES;
				CLANG_WARN_SUSPICIOUS_MOVE = YES;
				CLANG_WARN_UNGUARDED_AVAILABILITY = YES_AGGRESSIVE;
				CLANG_WARN_UNREACHABLE_CODE = YES;
				CLANG_WARN__DUPLICATE_METHOD_MATCH = YES;
				COPY_PHASE_STRIP = NO;
				DEBUG_INFORMATION_FORMAT = "dwarf-with-dsym";
				ENABLE_NS_ASSERTIONS = NO;
				ENABLE_STRICT_OBJC_MSGSEND = YES;
				GCC_C_LANGUAGE_STANDARD = gnu11;
				GCC_NO_COMMON_BLOCKS = YES;
				GCC_WARN_64_TO_32_BIT_CONVERSION = YES;
				GCC_WARN_ABOUT_RETURN_TYPE = YES_ERROR;
				GCC_WARN_UNDECLARED_SELECTOR = YES;
				GCC_WARN_UNINITIALIZED_AUTOS = YES_AGGRESSIVE;
				GCC_WARN_UNUSED_FUNCTION = YES;
				GCC_WARN_UNUSED_VARIABLE = YES;
				IPHONEOS_DEPLOYMENT_TARGET = 15.0;
				MTL_ENABLE_DEBUG_INFO = NO;
				MTL_FAST_MATH = YES;
				SDKROOT = iphoneos;
				SWIFT_COMPILATION_MODE = wholemodule;
				SWIFT_OPTIMIZATION_LEVEL = "-O";
				VALIDATE_PRODUCT = YES;
			};
			name = Release;
		};
		926574B627269F5E00E4BB69 /* Debug */ = {
			isa = XCBuildConfiguration;
			buildSettings = {
				ASSETCATALOG_COMPILER_APPICON_NAME = AppIcon;
				ASSETCATALOG_COMPILER_GLOBAL_ACCENT_COLOR_NAME = AccentColor;
				CODE_SIGN_STYLE = Automatic;
				CURRENT_PROJECT_VERSION = 1;
				DEVELOPMENT_TEAM = 4QG3GC35LA;
				GENERATE_INFOPLIST_FILE = YES;
				INFOPLIST_FILE = CoordinatorPattern/Info.plist;
				INFOPLIST_KEY_UIApplicationSupportsIndirectInputEvents = YES;
				INFOPLIST_KEY_UILaunchStoryboardName = LaunchScreen;
				INFOPLIST_KEY_UISupportedInterfaceOrientations_iPad = "UIInterfaceOrientationPortrait UIInterfaceOrientationPortraitUpsideDown UIInterfaceOrientationLandscapeLeft UIInterfaceOrientationLandscapeRight";
				INFOPLIST_KEY_UISupportedInterfaceOrientations_iPhone = "UIInterfaceOrientationPortrait UIInterfaceOrientationLandscapeLeft UIInterfaceOrientationLandscapeRight";
				LD_RUNPATH_SEARCH_PATHS = (
					"$(inherited)",
					"@executable_path/Frameworks",
				);
				MARKETING_VERSION = 1.0;
				PRODUCT_BUNDLE_IDENTIFIER = soyeon.CoordinatorPattern;
				PRODUCT_NAME = "$(TARGET_NAME)";
				SWIFT_EMIT_LOC_STRINGS = YES;
				SWIFT_VERSION = 5.0;
				TARGETED_DEVICE_FAMILY = "1,2";
			};
			name = Debug;
		};
		926574B727269F5E00E4BB69 /* Release */ = {
			isa = XCBuildConfiguration;
			buildSettings = {
				ASSETCATALOG_COMPILER_APPICON_NAME = AppIcon;
				ASSETCATALOG_COMPILER_GLOBAL_ACCENT_COLOR_NAME = AccentColor;
				CODE_SIGN_STYLE = Automatic;
				CURRENT_PROJECT_VERSION = 1;
				DEVELOPMENT_TEAM = 4QG3GC35LA;
				GENERATE_INFOPLIST_FILE = YES;
				INFOPLIST_FILE = CoordinatorPattern/Info.plist;
				INFOPLIST_KEY_UIApplicationSupportsIndirectInputEvents = YES;
				INFOPLIST_KEY_UILaunchStoryboardName = LaunchScreen;
				INFOPLIST_KEY_UISupportedInterfaceOrientations_iPad = "UIInterfaceOrientationPortrait UIInterfaceOrientationPortraitUpsideDown UIInterfaceOrientationLandscapeLeft UIInterfaceOrientationLandscapeRight";
				INFOPLIST_KEY_UISupportedInterfaceOrientations_iPhone = "UIInterfaceOrientationPortrait UIInterfaceOrientationLandscapeLeft UIInterfaceOrientationLandscapeRight";
				LD_RUNPATH_SEARCH_PATHS = (
					"$(inherited)",
					"@executable_path/Frameworks",
				);
				MARKETING_VERSION = 1.0;
				PRODUCT_BUNDLE_IDENTIFIER = soyeon.CoordinatorPattern;
				PRODUCT_NAME = "$(TARGET_NAME)";
				SWIFT_EMIT_LOC_STRINGS = YES;
				SWIFT_VERSION = 5.0;
				TARGETED_DEVICE_FAMILY = "1,2";
			};
			name = Release;
		};
/* End XCBuildConfiguration section */

/* Begin XCConfigurationList section */
		9265749C27269F5D00E4BB69 /* Build configuration list for PBXProject "CoordinatorPattern" */ = {
			isa = XCConfigurationList;
			buildConfigurations = (
				926574B327269F5E00E4BB69 /* Debug */,
				926574B427269F5E00E4BB69 /* Release */,
			);
			defaultConfigurationIsVisible = 0;
			defaultConfigurationName = Release;
		};
		926574B527269F5E00E4BB69 /* Build configuration list for PBXNativeTarget "CoordinatorPattern" */ = {
			isa = XCConfigurationList;
			buildConfigurations = (
				926574B627269F5E00E4BB69 /* Debug */,
				926574B727269F5E00E4BB69 /* Release */,
			);
			defaultConfigurationIsVisible = 0;
			defaultConfigurationName = Release;
		};
/* End XCConfigurationList section */
	};
	rootObject = 9265749927269F5D00E4BB69 /* Project object */;
}
